
Microsoft Visual Studio Solution File, Format Version 12.00
# Visual Studio Version 17
VisualStudioVersion = 17.10.35122.118
MinimumVisualStudioVersion = 10.0.40219.1
Project("{9A19103F-16F7-4668-BE54-9A1E7A4F7556}") = "Calculator", "Calculator.csproj", "{B01A7E98-8831-4AE9-BDFF-A02750772795}"
EndProject
Global
	GlobalSection(SolutionConfigurationPlatforms) = preSolution
		Debug|Any CPU = Debug|Any CPU
		Release|Any CPU = Release|Any CPU
	EndGlobalSection
	GlobalSection(ProjectConfigurationPlatforms) = postSolution
		{B01A7E98-8831-4AE9-BDFF-A02750772795}.Debug|Any CPU.ActiveCfg = Debug|Any CPU
		{B01A7E98-8831-4AE9-BDFF-A02750772795}.Debug|Any CPU.Build.0 = Debug|Any CPU
		{B01A7E98-8831-4AE9-BDFF-A02750772795}.Release|Any CPU.ActiveCfg = Release|Any CPU
		{B01A7E98-8831-4AE9-BDFF-A02750772795}.Release|Any CPU.Build.0 = Release|Any CPU
	EndGlobalSection
	GlobalSection(SolutionProperties) = preSolution
		HideSolutionNode = FALSE
	EndGlobalSection
	GlobalSection(ExtensibilityGlobals) = postSolution
		SolutionGuid = {6B93D662-7EC0-4CDE-BB0B-BA14C3015564}
	EndGlobalSection
EndGlobal
